<?xml version="1.0" encoding="utf-8"?>
<Project ToolsVersion="4.0" xmlns="http://schemas.microsoft.com/developer/msbuild/2003">
  <ItemGroup>
    <Filter Include="源文件">
      <UniqueIdentifier>{4FC737F1-C7A5-4376-A066-2A32D752A2FF}</UniqueIdentifier>
      <Extensions>cpp;c;cc;cxx;c++;cppm;ixx;def;odl;idl;hpj;bat;asm;asmx</Extensions>
    </Filter>
    <Filter Include="头文件">
      <UniqueIdentifier>{93995380-89BD-4b04-88EB-625FBE52EBFB}</UniqueIdentifier>
      <Extensions>h;hh;hpp;hxx;h++;hm;inl;inc;ipp;xsd</Extensions>
    </Filter>
    <Filter Include="资源文件">
      <UniqueIdentifier>{67DA6AB6-F800-4c08-8B7A-83BB121AAD01}</UniqueIdentifier>
      <Extensions>rc;ico;cur;bmp;dlg;rc2;rct;bin;rgs;gif;jpg;jpeg;jpe;resx;tiff;tif;png;wav;mfcribbon-ms</Extensions>
    </Filter>
    <Filter Include="头文件\Core">
      <UniqueIdentifier>{741458f4-2931-497a-b11e-3877173d100f}</UniqueIdentifier>
    </Filter>
    <Filter Include="源文件\Core">
      <UniqueIdentifier>{4ad47a07-463a-40a2-ba97-07c09e0b3c7a}</UniqueIdentifier>
    </Filter>
    <Filter Include="头文件\Core\Render">
      <UniqueIdentifier>{42b17761-3a2d-45f5-8379-bdc24e2d3a9c}</UniqueIdentifier>
    </Filter>
    <Filter Include="源文件\Core\Render">
      <UniqueIdentifier>{a4d41778-de81-4b62-bc7a-53840d5c4703}</UniqueIdentifier>
    </Filter>
    <Filter Include="源文件\ThirdParty">
      <UniqueIdentifier>{249885a5-fbf1-4396-8cff-ff7accafc7e0}</UniqueIdentifier>
    </Filter>
  </ItemGroup>
  <ItemGroup>
    <ClCompile Include="main.cpp">
      <Filter>源文件</Filter>
    </ClCompile>
    <ClCompile Include="Application.cpp">
      <Filter>源文件</Filter>
    </ClCompile>
    <ClCompile Include="Mesh.cpp">
      <Filter>源文件\Core</Filter>
    </ClCompile>
    <ClCompile Include="Image.cpp">
      <Filter>源文件</Filter>
    </ClCompile>
    <ClCompile Include="Utils.cpp">
      <Filter>源文件</Filter>
    </ClCompile>
    <ClCompile Include="D3D12Renderer.cpp">
      <Filter>源文件\Core\Render</Filter>
    </ClCompile>
    <ClCompile Include="..\ThirdParty\stb\src\libstb.c">
      <Filter>源文件\ThirdParty</Filter>
    </ClCompile>
    <ClCompile Include="TAA.cpp">
      <Filter>源文件\Core\Render</Filter>
    </ClCompile>
    <ClCompile Include="Camera.cpp">
      <Filter>源文件\Core\Render</Filter>
    </ClCompile>
    <ClCompile Include="Texture.cpp">
      <Filter>源文件\Core</Filter>
    </ClCompile>
    <ClCompile Include="Descriptor.cpp">
      <Filter>源文件\Core</Filter>
    </ClCompile>
    <ClCompile Include="StagingBuffer.cpp">
      <Filter>源文件\Core</Filter>
    </ClCompile>
    <ClCompile Include="RootSignature.cpp">
      <Filter>源文件\Core</Filter>
    </ClCompile>
    <ClCompile Include="Shader.cpp">
      <Filter>源文件</Filter>
    </ClCompile>
  </ItemGroup>
  <ItemGroup>
    <ClInclude Include="Application.h">
      <Filter>头文件</Filter>
    </ClInclude>
    <ClInclude Include="Mesh.h">
      <Filter>头文件\Core</Filter>
    </ClInclude>
    <ClInclude Include="Image.h">
      <Filter>头文件</Filter>
    </ClInclude>
    <ClInclude Include="Utils.h">
      <Filter>头文件</Filter>
    </ClInclude>
    <ClInclude Include="Renderer.h">
      <Filter>头文件\Core\Render</Filter>
    </ClInclude>
    <ClInclude Include="D3D12Renderer.h">
      <Filter>头文件\Core\Render</Filter>
    </ClInclude>
    <ClInclude Include="TAA.h">
      <Filter>头文件\Core\Render</Filter>
    </ClInclude>
    <ClInclude Include="Camera.h">
      <Filter>头文件\Core\Render</Filter>
    </ClInclude>
    <ClInclude Include="Texture.h">
      <Filter>头文件\Core</Filter>
    </ClInclude>
    <ClInclude Include="Descriptor.h">
      <Filter>头文件\Core</Filter>
    </ClInclude>
    <ClInclude Include="StagingBuffer.h">
      <Filter>头文件\Core</Filter>
    </ClInclude>
    <ClInclude Include="RootSignature.h">
      <Filter>头文件\Core</Filter>
    </ClInclude>
    <ClInclude Include="Shader.h">
      <Filter>头文件</Filter>
    </ClInclude>
  </ItemGroup>
</Project>